
Microsoft Visual Studio Solution File, Format Version 12.00
Project("{FAE04EC0-301F-11D3-BF4B-00C04F79EFBC}") = "EFCore5Sample", "EFCore5Sample\EFCore5Sample.csproj", "{D64DD9A2-FC45-4576-974C-2DDC46265A02}"
EndProject
Global
	GlobalSection(SolutionConfigurationPlatforms) = preSolution
		Debug|Any CPU = Debug|Any CPU
		Release|Any CPU = Release|Any CPU
	EndGlobalSection
	GlobalSection(ProjectConfigurationPlatforms) = postSolution
		{D64DD9A2-FC45-4576-974C-2DDC46265A02}.Debug|Any CPU.ActiveCfg = Debug|Any CPU
		{D64DD9A2-FC45-4576-974C-2DDC46265A02}.Debug|Any CPU.Build.0 = Debug|Any CPU
		{D64DD9A2-FC45-4576-974C-2DDC46265A02}.Release|Any CPU.ActiveCfg = Release|Any CPU
		{D64DD9A2-FC45-4576-974C-2DDC46265A02}.Release|Any CPU.Build.0 = Release|Any CPU
	EndGlobalSection
EndGlobal
